PODS:
  - Nimble (7.3.1)
  - Quick (1.3.2)
  - Reduxift (0.1.0)

DEPENDENCIES:
  - Nimble
  - Quick
  - Reduxift (from `../`)

SPEC REPOS:
  https://github.com/cocoapods/specs.git:
    - Nimble
    - Quick

EXTERNAL SOURCES:
  Reduxift:
    :path: "../"

SPEC CHECKSUMS:
  Nimble: 04f732da099ea4d153122aec8c2a88fd0c7219ae
  Quick: 2623cb30d7a7f41ca62f684f679586558f483d46
  Reduxift: c3041bf806390288e2a9265de97406ef18c4ce17

PODFILE CHECKSUM: 079e04725c5de5254968c9dba055d46004f93571

COCOAPODS: 1.5.3
